
Microsoft Visual Studio Solution File, Format Version 11.00
# Visual Studio 2010
Project("{FAE04EC0-301F-11D3-BF4B-00C04F79EFBC}") = "Troma", "Troma\Troma\Troma.csproj", "{50F04771-D42A-4E5A-B86B-1FD697C2E0F3}"
EndProject
Project("{FAE04EC0-301F-11D3-BF4B-00C04F79EFBC}") = "TromaContent", "Troma\TromaContent\TromaContent.contentproj", "{B40BE34A-CBD5-4E60-8AB8-1C8DB76EFDD3}"
EndProject
Project("{FAE04EC0-301F-11D3-BF4B-00C04F79EFBC}") = "GameEngine", "GameEngine\GameEngine.csproj", "{121AB8A9-2001-4CBE-80B3-A6E2E95B2E56}"
EndProject
Global
	GlobalSection(SolutionConfigurationPlatforms) = preSolution
		Debug|x86 = Debug|x86
		Release|x86 = Release|x86
	EndGlobalSection
	GlobalSection(ProjectConfigurationPlatforms) = postSolution
		{50F04771-D42A-4E5A-B86B-1FD697C2E0F3}.Debug|x86.ActiveCfg = Debug|x86
		{50F04771-D42A-4E5A-B86B-1FD697C2E0F3}.Debug|x86.Build.0 = Debug|x86
		{50F04771-D42A-4E5A-B86B-1FD697C2E0F3}.Release|x86.ActiveCfg = Release|x86
		{50F04771-D42A-4E5A-B86B-1FD697C2E0F3}.Release|x86.Build.0 = Release|x86
		{B40BE34A-CBD5-4E60-8AB8-1C8DB76EFDD3}.Debug|x86.ActiveCfg = Debug|x86
		{B40BE34A-CBD5-4E60-8AB8-1C8DB76EFDD3}.Release|x86.ActiveCfg = Release|x86
		{121AB8A9-2001-4CBE-80B3-A6E2E95B2E56}.Debug|x86.ActiveCfg = Debug|x86
		{121AB8A9-2001-4CBE-80B3-A6E2E95B2E56}.Debug|x86.Build.0 = Debug|x86
		{121AB8A9-2001-4CBE-80B3-A6E2E95B2E56}.Release|x86.ActiveCfg = Release|x86
		{121AB8A9-2001-4CBE-80B3-A6E2E95B2E56}.Release|x86.Build.0 = Release|x86
	EndGlobalSection
	GlobalSection(SolutionProperties) = preSolution
		HideSolutionNode = FALSE
	EndGlobalSection
EndGlobal
